
Microsoft Visual Studio Solution File, Format Version 12.00
Project("{FAE04EC0-301F-11D3-BF4B-00C04F79EFBC}") = "ShrinkEng", "ShrinkEng\ShrinkEng.csproj", "{F7991843-43CC-4B1D-B520-0E084694B8B6}"
EndProject
Global
	GlobalSection(SolutionConfigurationPlatforms) = preSolution
		Debug|Any CPU = Debug|Any CPU
		Release|Any CPU = Release|Any CPU
	EndGlobalSection
	GlobalSection(ProjectConfigurationPlatforms) = postSolution
		{F7991843-43CC-4B1D-B520-0E084694B8B6}.Debug|Any CPU.ActiveCfg = Debug|Any CPU
		{F7991843-43CC-4B1D-B520-0E084694B8B6}.Debug|Any CPU.Build.0 = Debug|Any CPU
		{F7991843-43CC-4B1D-B520-0E084694B8B6}.Release|Any CPU.ActiveCfg = Release|Any CPU
		{F7991843-43CC-4B1D-B520-0E084694B8B6}.Release|Any CPU.Build.0 = Release|Any CPU
	EndGlobalSection
EndGlobal
